// !$*UTF8*$!
{
	archiveVersion = 1;
	classes = {
	};
	objectVersion = 56;
	objects = {

/* Begin PBXBuildFile section */
		7A46FC0329FD18B300949BB3 /* PintQuest_TCAApp.swift in Sources */ = {isa = PBXBuildFile; fileRef = 7A46FC0229FD18B300949BB3 /* PintQuest_TCAApp.swift */; };
		7A46FC0529FD18B300949BB3 /* ContentView.swift in Sources */ = {isa = PBXBuildFile; fileRef = 7A46FC0429FD18B300949BB3 /* ContentView.swift */; };
		7A46FC0729FD18B400949BB3 /* Assets.xcassets in Resources */ = {isa = PBXBuildFile; fileRef = 7A46FC0629FD18B400949BB3 /* Assets.xcassets */; };
		7A46FC0A29FD18B400949BB3 /* Preview Assets.xcassets in Resources */ = {isa = PBXBuildFile; fileRef = 7A46FC0929FD18B400949BB3 /* Preview Assets.xcassets */; };
		7A46FC1229FD1BC500949BB3 /* ComposableArchitecture in Frameworks */ = {isa = PBXBuildFile; productRef = 7A46FC1129FD1BC500949BB3 /* ComposableArchitecture */; };
		7A46FC1629FD1BEA00949BB3 /* Beer.swift in Sources */ = {isa = PBXBuildFile; fileRef = 7A46FC1529FD1BEA00949BB3 /* Beer.swift */; };
		7A46FC1829FD1E4000949BB3 /* BeerDetailsView.swift in Sources */ = {isa = PBXBuildFile; fileRef = 7A46FC1729FD1E4000949BB3 /* BeerDetailsView.swift */; };
		7A46FC1B29FD1E8100949BB3 /* CachedAsyncImage in Frameworks */ = {isa = PBXBuildFile; productRef = 7A46FC1A29FD1E8100949BB3 /* CachedAsyncImage */; };
		7A46FC1E29FD1E9F00949BB3 /* Color+Extension.swift in Sources */ = {isa = PBXBuildFile; fileRef = 7A46FC1D29FD1E9F00949BB3 /* Color+Extension.swift */; };
		7A46FC2229FD204700949BB3 /* String+Extension.swift in Sources */ = {isa = PBXBuildFile; fileRef = 7A46FC2129FD204700949BB3 /* String+Extension.swift */; };
		7A46FC2529FD209300949BB3 /* Localizable.swift in Sources */ = {isa = PBXBuildFile; fileRef = 7A46FC2429FD209300949BB3 /* Localizable.swift */; };
		7A46FC2729FD20B500949BB3 /* Localizable.strings in Resources */ = {isa = PBXBuildFile; fileRef = 7A46FC2629FD20B500949BB3 /* Localizable.strings */; };
		7A46FC2929FD20DF00949BB3 /* StatLevelView.swift in Sources */ = {isa = PBXBuildFile; fileRef = 7A46FC2829FD20DF00949BB3 /* StatLevelView.swift */; };
		7A46FC2B29FD211E00949BB3 /* BeerVitalStat.swift in Sources */ = {isa = PBXBuildFile; fileRef = 7A46FC2A29FD211E00949BB3 /* BeerVitalStat.swift */; };
		7A46FC2D29FD214B00949BB3 /* Icons.swift in Sources */ = {isa = PBXBuildFile; fileRef = 7A46FC2C29FD214B00949BB3 /* Icons.swift */; };
		7A46FC2F29FD218400949BB3 /* Double+Extension.swift in Sources */ = {isa = PBXBuildFile; fileRef = 7A46FC2E29FD218400949BB3 /* Double+Extension.swift */; };
		7A8E2AFD2A07A51E007AA2D4 /* PunkAPIClient.swift in Sources */ = {isa = PBXBuildFile; fileRef = 7A8E2AFC2A07A51E007AA2D4 /* PunkAPIClient.swift */; };
		7A8E2B002A07A89B007AA2D4 /* Router.swift in Sources */ = {isa = PBXBuildFile; fileRef = 7A8E2AFF2A07A89B007AA2D4 /* Router.swift */; };
		7A8E2B042A07AA0A007AA2D4 /* Environment.swift in Sources */ = {isa = PBXBuildFile; fileRef = 7A8E2B032A07AA0A007AA2D4 /* Environment.swift */; };
		7A8E2B062A07AABD007AA2D4 /* Router+Beers.swift in Sources */ = {isa = PBXBuildFile; fileRef = 7A8E2B052A07AABD007AA2D4 /* Router+Beers.swift */; };
		7AEC41B129FD7DD500B0A7A4 /* FavButton.swift in Sources */ = {isa = PBXBuildFile; fileRef = 7AEC41B029FD7DD500B0A7A4 /* FavButton.swift */; };
		7AEC41B629FE666900B0A7A4 /* Home.swift in Sources */ = {isa = PBXBuildFile; fileRef = 7AEC41B529FE666900B0A7A4 /* Home.swift */; };
		7AEC41B929FE683400B0A7A4 /* Beers.swift in Sources */ = {isa = PBXBuildFile; fileRef = 7AEC41B829FE683400B0A7A4 /* Beers.swift */; };
		7AEC41BC29FE69D900B0A7A4 /* BeerDetails.swift in Sources */ = {isa = PBXBuildFile; fileRef = 7AEC41BB29FE69D900B0A7A4 /* BeerDetails.swift */; };
		7AEC41BF29FE707D00B0A7A4 /* FavBeers.swift in Sources */ = {isa = PBXBuildFile; fileRef = 7AEC41BE29FE707D00B0A7A4 /* FavBeers.swift */; };
		7AEC41C329FE763600B0A7A4 /* BeerCell.swift in Sources */ = {isa = PBXBuildFile; fileRef = 7AEC41C229FE763600B0A7A4 /* BeerCell.swift */; };
		7AEC41C529FE76A300B0A7A4 /* BeersView.swift in Sources */ = {isa = PBXBuildFile; fileRef = 7AEC41C429FE76A300B0A7A4 /* BeersView.swift */; };
		7AEC41C729FF1AF800B0A7A4 /* HomeView.swift in Sources */ = {isa = PBXBuildFile; fileRef = 7AEC41C629FF1AF800B0A7A4 /* HomeView.swift */; };
/* End PBXBuildFile section */

/* Begin PBXFileReference section */
		7A46FBFF29FD18B300949BB3 /* PintQuest-TCA.app */ = {isa = PBXFileReference; explicitFileType = wrapper.application; includeInIndex = 0; path = "PintQuest-TCA.app"; sourceTree = BUILT_PRODUCTS_DIR; };
		7A46FC0229FD18B300949BB3 /* PintQuest_TCAApp.swift */ = {isa = PBXFileReference; lastKnownFileType = sourcecode.swift; path = PintQuest_TCAApp.swift; sourceTree = "<group>"; };
		7A46FC0429FD18B300949BB3 /* ContentView.swift */ = {isa = PBXFileReference; lastKnownFileType = sourcecode.swift; path = ContentView.swift; sourceTree = "<group>"; };
		7A46FC0629FD18B400949BB3 /* Assets.xcassets */ = {isa = PBXFileReference; lastKnownFileType = folder.assetcatalog; path = Assets.xcassets; sourceTree = "<group>"; };
		7A46FC0929FD18B400949BB3 /* Preview Assets.xcassets */ = {isa = PBXFileReference; lastKnownFileType = folder.assetcatalog; path = "Preview Assets.xcassets"; sourceTree = "<group>"; };
		7A46FC1529FD1BEA00949BB3 /* Beer.swift */ = {isa = PBXFileReference; lastKnownFileType = sourcecode.swift; path = Beer.swift; sourceTree = "<group>"; };
		7A46FC1729FD1E4000949BB3 /* BeerDetailsView.swift */ = {isa = PBXFileReference; lastKnownFileType = sourcecode.swift; path = BeerDetailsView.swift; sourceTree = "<group>"; };
		7A46FC1D29FD1E9F00949BB3 /* Color+Extension.swift */ = {isa = PBXFileReference; lastKnownFileType = sourcecode.swift; path = "Color+Extension.swift"; sourceTree = "<group>"; };
		7A46FC2129FD204700949BB3 /* String+Extension.swift */ = {isa = PBXFileReference; lastKnownFileType = sourcecode.swift; path = "String+Extension.swift"; sourceTree = "<group>"; };
		7A46FC2429FD209300949BB3 /* Localizable.swift */ = {isa = PBXFileReference; lastKnownFileType = sourcecode.swift; path = Localizable.swift; sourceTree = "<group>"; };
		7A46FC2629FD20B500949BB3 /* Localizable.strings */ = {isa = PBXFileReference; lastKnownFileType = text.plist.strings; path = Localizable.strings; sourceTree = "<group>"; };
		7A46FC2829FD20DF00949BB3 /* StatLevelView.swift */ = {isa = PBXFileReference; lastKnownFileType = sourcecode.swift; path = StatLevelView.swift; sourceTree = "<group>"; };
		7A46FC2A29FD211E00949BB3 /* BeerVitalStat.swift */ = {isa = PBXFileReference; lastKnownFileType = sourcecode.swift; path = BeerVitalStat.swift; sourceTree = "<group>"; };
		7A46FC2C29FD214B00949BB3 /* Icons.swift */ = {isa = PBXFileReference; lastKnownFileType = sourcecode.swift; path = Icons.swift; sourceTree = "<group>"; };
		7A46FC2E29FD218400949BB3 /* Double+Extension.swift */ = {isa = PBXFileReference; lastKnownFileType = sourcecode.swift; path = "Double+Extension.swift"; sourceTree = "<group>"; };
		7A5312F62A0C4A4000A094CD /* Info.plist */ = {isa = PBXFileReference; lastKnownFileType = text.plist; path = Info.plist; sourceTree = "<group>"; };
		7A8E2AFC2A07A51E007AA2D4 /* PunkAPIClient.swift */ = {isa = PBXFileReference; lastKnownFileType = sourcecode.swift; path = PunkAPIClient.swift; sourceTree = "<group>"; };
		7A8E2AFF2A07A89B007AA2D4 /* Router.swift */ = {isa = PBXFileReference; lastKnownFileType = sourcecode.swift; path = Router.swift; sourceTree = "<group>"; };
		7A8E2B022A07A914007AA2D4 /* Dev.xcconfig */ = {isa = PBXFileReference; lastKnownFileType = text.xcconfig; path = Dev.xcconfig; sourceTree = "<group>"; };
		7A8E2B032A07AA0A007AA2D4 /* Environment.swift */ = {isa = PBXFileReference; lastKnownFileType = sourcecode.swift; path = Environment.swift; sourceTree = "<group>"; };
		7A8E2B052A07AABD007AA2D4 /* Router+Beers.swift */ = {isa = PBXFileReference; lastKnownFileType = sourcecode.swift; path = "Router+Beers.swift"; sourceTree = "<group>"; };
		7AEC41B029FD7DD500B0A7A4 /* FavButton.swift */ = {isa = PBXFileReference; lastKnownFileType = sourcecode.swift; path = FavButton.swift; sourceTree = "<group>"; };
		7AEC41B529FE666900B0A7A4 /* Home.swift */ = {isa = PBXFileReference; lastKnownFileType = sourcecode.swift; path = Home.swift; sourceTree = "<group>"; };
		7AEC41B829FE683400B0A7A4 /* Beers.swift */ = {isa = PBXFileReference; lastKnownFileType = sourcecode.swift; path = Beers.swift; sourceTree = "<group>"; };
		7AEC41BB29FE69D900B0A7A4 /* BeerDetails.swift */ = {isa = PBXFileReference; lastKnownFileType = sourcecode.swift; path = BeerDetails.swift; sourceTree = "<group>"; };
		7AEC41BE29FE707D00B0A7A4 /* FavBeers.swift */ = {isa = PBXFileReference; lastKnownFileType = sourcecode.swift; path = FavBeers.swift; sourceTree = "<group>"; };
		7AEC41C229FE763600B0A7A4 /* BeerCell.swift */ = {isa = PBXFileReference; lastKnownFileType = sourcecode.swift; path = BeerCell.swift; sourceTree = "<group>"; };
		7AEC41C429FE76A300B0A7A4 /* BeersView.swift */ = {isa = PBXFileReference; lastKnownFileType = sourcecode.swift; path = BeersView.swift; sourceTree = "<group>"; };
		7AEC41C629FF1AF800B0A7A4 /* HomeView.swift */ = {isa = PBXFileReference; lastKnownFileType = sourcecode.swift; path = HomeView.swift; sourceTree = "<group>"; };
/* End PBXFileReference section */

/* Begin PBXFrameworksBuildPhase section */
		7A46FBFC29FD18B300949BB3 /* Frameworks */ = {
			isa = PBXFrameworksBuildPhase;
			buildActionMask = 2147483647;
			files = (
				7A46FC1229FD1BC500949BB3 /* ComposableArchitecture in Frameworks */,
				7A46FC1B29FD1E8100949BB3 /* CachedAsyncImage in Frameworks */,
			);
			runOnlyForDeploymentPostprocessing = 0;
		};
/* End PBXFrameworksBuildPhase section */

/* Begin PBXGroup section */
		7A46FBF629FD18B300949BB3 = {
			isa = PBXGroup;
			children = (
				7A46FC0129FD18B300949BB3 /* PintQuest-TCA */,
				7A46FC0029FD18B300949BB3 /* Products */,
			);
			sourceTree = "<group>";
		};
		7A46FC0029FD18B300949BB3 /* Products */ = {
			isa = PBXGroup;
			children = (
				7A46FBFF29FD18B300949BB3 /* PintQuest-TCA.app */,
			);
			name = Products;
			sourceTree = "<group>";
		};
		7A46FC0129FD18B300949BB3 /* PintQuest-TCA */ = {
			isa = PBXGroup;
			children = (
				7A5312F62A0C4A4000A094CD /* Info.plist */,
				7AEC41C029FE762100B0A7A4 /* Components */,
				7AEC41B329FE664000B0A7A4 /* Features */,
				7AEC41B229FE653E00B0A7A4 /* Data */,
				7A46FC2329FD208700949BB3 /* Resources */,
				7A46FC2029FD1ED200949BB3 /* Views */,
				7A46FC1C29FD1E9200949BB3 /* Extensions */,
				7A46FC0229FD18B300949BB3 /* PintQuest_TCAApp.swift */,
				7A46FC0429FD18B300949BB3 /* ContentView.swift */,
				7A46FC0629FD18B400949BB3 /* Assets.xcassets */,
				7A46FC0829FD18B400949BB3 /* Preview Content */,
			);
			path = "PintQuest-TCA";
			sourceTree = "<group>";
		};
		7A46FC0829FD18B400949BB3 /* Preview Content */ = {
			isa = PBXGroup;
			children = (
				7A46FC0929FD18B400949BB3 /* Preview Assets.xcassets */,
			);
			path = "Preview Content";
			sourceTree = "<group>";
		};
		7A46FC1C29FD1E9200949BB3 /* Extensions */ = {
			isa = PBXGroup;
			children = (
				7A46FC1D29FD1E9F00949BB3 /* Color+Extension.swift */,
				7A46FC2129FD204700949BB3 /* String+Extension.swift */,
				7A46FC2E29FD218400949BB3 /* Double+Extension.swift */,
			);
			path = Extensions;
			sourceTree = "<group>";
		};
		7A46FC1F29FD1EC300949BB3 /* ApiModels */ = {
			isa = PBXGroup;
			children = (
				7A46FC1529FD1BEA00949BB3 /* Beer.swift */,
				7A46FC2A29FD211E00949BB3 /* BeerVitalStat.swift */,
			);
			path = ApiModels;
			sourceTree = "<group>";
		};
		7A46FC2029FD1ED200949BB3 /* Views */ = {
			isa = PBXGroup;
			children = (
				7A46FC2829FD20DF00949BB3 /* StatLevelView.swift */,
				7AEC41B029FD7DD500B0A7A4 /* FavButton.swift */,
			);
			path = Views;
			sourceTree = "<group>";
		};
		7A46FC2329FD208700949BB3 /* Resources */ = {
			isa = PBXGroup;
			children = (
				7A8E2B012A07A8FC007AA2D4 /* Configs */,
				7A46FC2429FD209300949BB3 /* Localizable.swift */,
				7A46FC2629FD20B500949BB3 /* Localizable.strings */,
				7A46FC2C29FD214B00949BB3 /* Icons.swift */,
				7A8E2B032A07AA0A007AA2D4 /* Environment.swift */,
			);
			path = Resources;
			sourceTree = "<group>";
		};
		7A8E2AFB2A07A50F007AA2D4 /* Clients */ = {
			isa = PBXGroup;
			children = (
				7A8E2AFE2A07A88F007AA2D4 /* Router */,
				7A8E2AFC2A07A51E007AA2D4 /* PunkAPIClient.swift */,
			);
			path = Clients;
			sourceTree = "<group>";
		};
		7A8E2AFE2A07A88F007AA2D4 /* Router */ = {
			isa = PBXGroup;
			children = (
				7A8E2AFF2A07A89B007AA2D4 /* Router.swift */,
				7A8E2B052A07AABD007AA2D4 /* Router+Beers.swift */,
			);
			path = Router;
			sourceTree = "<group>";
		};
		7A8E2B012A07A8FC007AA2D4 /* Configs */ = {
			isa = PBXGroup;
			children = (
				7A8E2B022A07A914007AA2D4 /* Dev.xcconfig */,
			);
			path = Configs;
			sourceTree = "<group>";
		};
		7AEC41B229FE653E00B0A7A4 /* Data */ = {
			isa = PBXGroup;
			children = (
				7A8E2AFB2A07A50F007AA2D4 /* Clients */,
				7A46FC1F29FD1EC300949BB3 /* ApiModels */,
			);
			path = Data;
			sourceTree = "<group>";
		};
		7AEC41B329FE664000B0A7A4 /* Features */ = {
			isa = PBXGroup;
			children = (
				7AEC41BD29FE706E00B0A7A4 /* FavBeers */,
				7AEC41BA29FE69CA00B0A7A4 /* BeerDetails */,
				7AEC41B729FE681F00B0A7A4 /* Beers */,
				7AEC41B429FE664600B0A7A4 /* Home */,
			);
			path = Features;
			sourceTree = "<group>";
		};
		7AEC41B429FE664600B0A7A4 /* Home */ = {
			isa = PBXGroup;
			children = (
				7AEC41B529FE666900B0A7A4 /* Home.swift */,
				7AEC41C629FF1AF800B0A7A4 /* HomeView.swift */,
			);
			path = Home;
			sourceTree = "<group>";
		};
		7AEC41B729FE681F00B0A7A4 /* Beers */ = {
			isa = PBXGroup;
			children = (
				7AEC41B829FE683400B0A7A4 /* Beers.swift */,
				7AEC41C429FE76A300B0A7A4 /* BeersView.swift */,
			);
			path = Beers;
			sourceTree = "<group>";
		};
		7AEC41BA29FE69CA00B0A7A4 /* BeerDetails */ = {
			isa = PBXGroup;
			children = (
				7AEC41BB29FE69D900B0A7A4 /* BeerDetails.swift */,
				7A46FC1729FD1E4000949BB3 /* BeerDetailsView.swift */,
			);
			path = BeerDetails;
			sourceTree = "<group>";
		};
		7AEC41BD29FE706E00B0A7A4 /* FavBeers */ = {
			isa = PBXGroup;
			children = (
				7AEC41BE29FE707D00B0A7A4 /* FavBeers.swift */,
			);
			path = FavBeers;
			sourceTree = "<group>";
		};
		7AEC41C029FE762100B0A7A4 /* Components */ = {
			isa = PBXGroup;
			children = (
				7AEC41C129FE762800B0A7A4 /* Cells */,
			);
			path = Components;
			sourceTree = "<group>";
		};
		7AEC41C129FE762800B0A7A4 /* Cells */ = {
			isa = PBXGroup;
			children = (
				7AEC41C229FE763600B0A7A4 /* BeerCell.swift */,
			);
			path = Cells;
			sourceTree = "<group>";
		};
/* End PBXGroup section */

/* Begin PBXNativeTarget section */
		7A46FBFE29FD18B300949BB3 /* PintQuest-TCA */ = {
			isa = PBXNativeTarget;
			buildConfigurationList = 7A46FC0D29FD18B400949BB3 /* Build configuration list for PBXNativeTarget "PintQuest-TCA" */;
			buildPhases = (
				7A46FBFB29FD18B300949BB3 /* Sources */,
				7A46FBFC29FD18B300949BB3 /* Frameworks */,
				7A46FBFD29FD18B300949BB3 /* Resources */,
			);
			buildRules = (
			);
			dependencies = (
			);
			name = "PintQuest-TCA";
			packageProductDependencies = (
				7A46FC1129FD1BC500949BB3 /* ComposableArchitecture */,
				7A46FC1A29FD1E8100949BB3 /* CachedAsyncImage */,
			);
			productName = "PintQuest-TCA";
			productReference = 7A46FBFF29FD18B300949BB3 /* PintQuest-TCA.app */;
			productType = "com.apple.product-type.application";
		};
/* End PBXNativeTarget section */

/* Begin PBXProject section */
		7A46FBF729FD18B300949BB3 /* Project object */ = {
			isa = PBXProject;
			attributes = {
				BuildIndependentTargetsInParallel = 1;
				LastSwiftUpdateCheck = 1400;
				LastUpgradeCheck = 1400;
				TargetAttributes = {
					7A46FBFE29FD18B300949BB3 = {
						CreatedOnToolsVersion = 14.0.1;
					};
				};
			};
			buildConfigurationList = 7A46FBFA29FD18B300949BB3 /* Build configuration list for PBXProject "PintQuest-TCA" */;
			compatibilityVersion = "Xcode 14.0";
			developmentRegion = en;
			hasScannedForEncodings = 0;
			knownRegions = (
				en,
				Base,
			);
			mainGroup = 7A46FBF629FD18B300949BB3;
			packageReferences = (
				7A46FC1029FD1BC500949BB3 /* XCRemoteSwiftPackageReference "swift-composable-architecture" */,
				7A46FC1929FD1E8000949BB3 /* XCRemoteSwiftPackageReference "swiftui-cached-async-image" */,
			);
			productRefGroup = 7A46FC0029FD18B300949BB3 /* Products */;
			projectDirPath = "";
			projectRoot = "";
			targets = (
				7A46FBFE29FD18B300949BB3 /* PintQuest-TCA */,
			);
		};
/* End PBXProject section */

/* Begin PBXResourcesBuildPhase section */
		7A46FBFD29FD18B300949BB3 /* Resources */ = {
			isa = PBXResourcesBuildPhase;
			buildActionMask = 2147483647;
			files = (
				7A46FC0A29FD18B400949BB3 /* Preview Assets.xcassets in Resources */,
				7A46FC2729FD20B500949BB3 /* Localizable.strings in Resources */,
				7A46FC0729FD18B400949BB3 /* Assets.xcassets in Resources */,
			);
			runOnlyForDeploymentPostprocessing = 0;
		};
/* End PBXResourcesBuildPhase section */

/* Begin PBXSourcesBuildPhase section */
		7A46FBFB29FD18B300949BB3 /* Sources */ = {
			isa = PBXSourcesBuildPhase;
			buildActionMask = 2147483647;
			files = (
				7AEC41C529FE76A300B0A7A4 /* BeersView.swift in Sources */,
				7A46FC0529FD18B300949BB3 /* ContentView.swift in Sources */,
				7A46FC2529FD209300949BB3 /* Localizable.swift in Sources */,
				7A46FC1E29FD1E9F00949BB3 /* Color+Extension.swift in Sources */,
				7A46FC1629FD1BEA00949BB3 /* Beer.swift in Sources */,
				7A46FC0329FD18B300949BB3 /* PintQuest_TCAApp.swift in Sources */,
				7A46FC2F29FD218400949BB3 /* Double+Extension.swift in Sources */,
				7A8E2B042A07AA0A007AA2D4 /* Environment.swift in Sources */,
				7A46FC2929FD20DF00949BB3 /* StatLevelView.swift in Sources */,
				7AEC41BF29FE707D00B0A7A4 /* FavBeers.swift in Sources */,
				7AEC41B929FE683400B0A7A4 /* Beers.swift in Sources */,
				7A8E2B002A07A89B007AA2D4 /* Router.swift in Sources */,
				7AEC41B629FE666900B0A7A4 /* Home.swift in Sources */,
				7A46FC2B29FD211E00949BB3 /* BeerVitalStat.swift in Sources */,
				7AEC41BC29FE69D900B0A7A4 /* BeerDetails.swift in Sources */,
				7AEC41C329FE763600B0A7A4 /* BeerCell.swift in Sources */,
				7A46FC2229FD204700949BB3 /* String+Extension.swift in Sources */,
				7AEC41B129FD7DD500B0A7A4 /* FavButton.swift in Sources */,
				7A8E2B062A07AABD007AA2D4 /* Router+Beers.swift in Sources */,
				7A46FC2D29FD214B00949BB3 /* Icons.swift in Sources */,
				7A8E2AFD2A07A51E007AA2D4 /* PunkAPIClient.swift in Sources */,
				7A46FC1829FD1E4000949BB3 /* BeerDetailsView.swift in Sources */,
				7AEC41C729FF1AF800B0A7A4 /* HomeView.swift in Sources */,
			);
			runOnlyForDeploymentPostprocessing = 0;
		};
/* End PBXSourcesBuildPhase section */

/* Begin XCBuildConfiguration section */
		7A46FC0B29FD18B400949BB3 /* Debug */ = {
			isa = XCBuildConfiguration;
			baseConfigurationReference = 7A8E2B022A07A914007AA2D4 /* Dev.xcconfig */;
			buildSettings = {
				ALWAYS_SEARCH_USER_PATHS = NO;
				CLANG_ANALYZER_NONNULL = YES;
				CLANG_ANALYZER_NUMBER_OBJECT_CONVERSION = YES_AGGRESSIVE;
				CLANG_CXX_LANGUAGE_STANDARD = "gnu++20";
				CLANG_ENABLE_MODULES = YES;
				CLANG_ENABLE_OBJC_ARC = YES;
				CLANG_ENABLE_OBJC_WEAK = YES;
				CLANG_WARN_BLOCK_CAPTURE_AUTORELEASING = YES;
				CLANG_WARN_BOOL_CONVERSION = YES;
				CLANG_WARN_COMMA = YES;
				CLANG_WARN_CONSTANT_CONVERSION = YES;
				CLANG_WARN_DEPRECATED_OBJC_IMPLEMENTATIONS = YES;
				CLANG_WARN_DIRECT_OBJC_ISA_USAGE = YES_ERROR;
				CLANG_WARN_DOCUMENTATION_COMMENTS = YES;
				CLANG_WARN_EMPTY_BODY = YES;
				CLANG_WARN_ENUM_CONVERSION = YES;
				CLANG_WARN_INFINITE_RECURSION = YES;
				CLANG_WARN_INT_CONVERSION = YES;
				CLANG_WARN_NON_LITERAL_NULL_CONVERSION = YES;
				CLANG_WARN_OBJC_IMPLICIT_RETAIN_SELF = YES;
				CLANG_WARN_OBJC_LITERAL_CONVERSION = YES;
				CLANG_WARN_OBJC_ROOT_CLASS = YES_ERROR;
				CLANG_WARN_QUOTED_INCLUDE_IN_FRAMEWORK_HEADER = YES;
				CLANG_WARN_RANGE_LOOP_ANALYSIS = YES;
				CLANG_WARN_STRICT_PROTOTYPES = YES;
				CLANG_WARN_SUSPICIOUS_MOVE = YES;
				CLANG_WARN_UNGUARDED_AVAILABILITY = YES_AGGRESSIVE;
				CLANG_WARN_UNREACHABLE_CODE = YES;
				CLANG_WARN__DUPLICATE_METHOD_MATCH = YES;
				COPY_PHASE_STRIP = NO;
				DEBUG_INFORMATION_FORMAT = dwarf;
				ENABLE_STRICT_OBJC_MSGSEND = YES;
				ENABLE_TESTABILITY = YES;
				GCC_C_LANGUAGE_STANDARD = gnu11;
				GCC_DYNAMIC_NO_PIC = NO;
				GCC_NO_COMMON_BLOCKS = YES;
				GCC_OPTIMIZATION_LEVEL = 0;
				GCC_PREPROCESSOR_DEFINITIONS = (
					"DEBUG=1",
					"$(inherited)",
				);
				GCC_WARN_64_TO_32_BIT_CONVERSION = YES;
				GCC_WARN_ABOUT_RETURN_TYPE = YES_ERROR;
				GCC_WARN_UNDECLARED_SELECTOR = YES;
				GCC_WARN_UNINITIALIZED_AUTOS = YES_AGGRESSIVE;
				GCC_WARN_UNUSED_FUNCTION = YES;
				GCC_WARN_UNUSED_VARIABLE = YES;
				IPHONEOS_DEPLOYMENT_TARGET = 16.0;
				MTL_ENABLE_DEBUG_INFO = INCLUDE_SOURCE;
				MTL_FAST_MATH = YES;
				ONLY_ACTIVE_ARCH = YES;
				SDKROOT = iphoneos;
				SWIFT_ACTIVE_COMPILATION_CONDITIONS = DEBUG;
				SWIFT_OPTIMIZATION_LEVEL = "-Onone";
			};
			name = Debug;
		};
		7A46FC0C29FD18B400949BB3 /* Release */ = {
			isa = XCBuildConfiguration;
			buildSettings = {
				ALWAYS_SEARCH_USER_PATHS = NO;
				CLANG_ANALYZER_NONNULL = YES;
				CLANG_ANALYZER_NUMBER_OBJECT_CONVERSION = YES_AGGRESSIVE;
				CLANG_CXX_LANGUAGE_STANDARD = "gnu++20";
				CLANG_ENABLE_MODULES = YES;
				CLANG_ENABLE_OBJC_ARC = YES;
				CLANG_ENABLE_OBJC_WEAK = YES;
				CLANG_WARN_BLOCK_CAPTURE_AUTORELEASING = YES;
				CLANG_WARN_BOOL_CONVERSION = YES;
				CLANG_WARN_COMMA = YES;
				CLANG_WARN_CONSTANT_CONVERSION = YES;
				CLANG_WARN_DEPRECATED_OBJC_IMPLEMENTATIONS = YES;
				CLANG_WARN_DIRECT_OBJC_ISA_USAGE = YES_ERROR;
				CLANG_WARN_DOCUMENTATION_COMMENTS = YES;
				CLANG_WARN_EMPTY_BODY = YES;
				CLANG_WARN_ENUM_CONVERSION = YES;
				CLANG_WARN_INFINITE_RECURSION = YES;
				CLANG_WARN_INT_CONVERSION = YES;
				CLANG_WARN_NON_LITERAL_NULL_CONVERSION = YES;
				CLANG_WARN_OBJC_IMPLICIT_RETAIN_SELF = YES;
				CLANG_WARN_OBJC_LITERAL_CONVERSION = YES;
				CLANG_WARN_OBJC_ROOT_CLASS = YES_ERROR;
				CLANG_WARN_QUOTED_INCLUDE_IN_FRAMEWORK_HEADER = YES;
				CLANG_WARN_RANGE_LOOP_ANALYSIS = YES;
				CLANG_WARN_STRICT_PROTOTYPES = YES;
				CLANG_WARN_SUSPICIOUS_MOVE = YES;
				CLANG_WARN_UNGUARDED_AVAILABILITY = YES_AGGRESSIVE;
				CLANG_WARN_UNREACHABLE_CODE = YES;
				CLANG_WARN__DUPLICATE_METHOD_MATCH = YES;
				COPY_PHASE_STRIP = NO;
				DEBUG_INFORMATION_FORMAT = "dwarf-with-dsym";
				ENABLE_NS_ASSERTIONS = NO;
				ENABLE_STRICT_OBJC_MSGSEND = YES;
				GCC_C_LANGUAGE_STANDARD = gnu11;
				GCC_NO_COMMON_BLOCKS = YES;
				GCC_WARN_64_TO_32_BIT_CONVERSION = YES;
				GCC_WARN_ABOUT_RETURN_TYPE = YES_ERROR;
				GCC_WARN_UNDECLARED_SELECTOR = YES;
				GCC_WARN_UNINITIALIZED_AUTOS = YES_AGGRESSIVE;
				GCC_WARN_UNUSED_FUNCTION = YES;
				GCC_WARN_UNUSED_VARIABLE = YES;
				IPHONEOS_DEPLOYMENT_TARGET = 16.0;
				MTL_ENABLE_DEBUG_INFO = NO;
				MTL_FAST_MATH = YES;
				SDKROOT = iphoneos;
				SWIFT_COMPILATION_MODE = wholemodule;
				SWIFT_OPTIMIZATION_LEVEL = "-O";
				VALIDATE_PRODUCT = YES;
			};
			name = Release;
		};
		7A46FC0E29FD18B400949BB3 /* Debug */ = {
			isa = XCBuildConfiguration;
			baseConfigurationReference = 7A8E2B022A07A914007AA2D4 /* Dev.xcconfig */;
			buildSettings = {
				ASSETCATALOG_COMPILER_APPICON_NAME = AppIcon;
				ASSETCATALOG_COMPILER_GLOBAL_ACCENT_COLOR_NAME = AccentColor;
				CODE_SIGN_STYLE = Automatic;
				CURRENT_PROJECT_VERSION = 1;
				DEVELOPMENT_ASSET_PATHS = "\"PintQuest-TCA/Preview Content\"";
				DEVELOPMENT_TEAM = UG4UDFGQLX;
				ENABLE_PREVIEWS = YES;
				GENERATE_INFOPLIST_FILE = YES;
				INFOPLIST_FILE = "PintQuest-TCA/Info.plist";
				INFOPLIST_KEY_UIApplicationSceneManifest_Generation = YES;
				INFOPLIST_KEY_UIApplicationSupportsIndirectInputEvents = YES;
				INFOPLIST_KEY_UILaunchScreen_Generation = YES;
				INFOPLIST_KEY_UISupportedInterfaceOrientations_iPad = "UIInterfaceOrientationPortrait UIInterfaceOrientationPortraitUpsideDown UIInterfaceOrientationLandscapeLeft UIInterfaceOrientationLandscapeRight";
				INFOPLIST_KEY_UISupportedInterfaceOrientations_iPhone = "UIInterfaceOrientationPortrait UIInterfaceOrientationLandscapeLeft UIInterfaceOrientationLandscapeRight";
				LD_RUNPATH_SEARCH_PATHS = (
					"$(inherited)",
					"@executable_path/Frameworks",
				);
				MARKETING_VERSION = 1.0;
				PRODUCT_BUNDLE_IDENTIFIER = "aleksandra.generowicz.PintQuest-TCA";
				PRODUCT_NAME = "$(TARGET_NAME)";
				SWIFT_EMIT_LOC_STRINGS = YES;
				SWIFT_VERSION = 5.0;
				TARGETED_DEVICE_FAMILY = "1,2";
			};
			name = Debug;
		};
		7A46FC0F29FD18B400949BB3 /* Release */ = {
			isa = XCBuildConfiguration;
			buildSettings = {
				ASSETCATALOG_COMPILER_APPICON_NAME = AppIcon;
				ASSETCATALOG_COMPILER_GLOBAL_ACCENT_COLOR_NAME = AccentColor;
				CODE_SIGN_STYLE = Automatic;
				CURRENT_PROJECT_VERSION = 1;
				DEVELOPMENT_ASSET_PATHS = "\"PintQuest-TCA/Preview Content\"";
				DEVELOPMENT_TEAM = UG4UDFGQLX;
				ENABLE_PREVIEWS = YES;
				GENERATE_INFOPLIST_FILE = YES;
				INFOPLIST_FILE = "PintQuest-TCA/Info.plist";
				INFOPLIST_KEY_UIApplicationSceneManifest_Generation = YES;
				INFOPLIST_KEY_UIApplicationSupportsIndirectInputEvents = YES;
				INFOPLIST_KEY_UILaunchScreen_Generation = YES;
				INFOPLIST_KEY_UISupportedInterfaceOrientations_iPad = "UIInterfaceOrientationPortrait UIInterfaceOrientationPortraitUpsideDown UIInterfaceOrientationLandscapeLeft UIInterfaceOrientationLandscapeRight";
				INFOPLIST_KEY_UISupportedInterfaceOrientations_iPhone = "UIInterfaceOrientationPortrait UIInterfaceOrientationLandscapeLeft UIInterfaceOrientationLandscapeRight";
				LD_RUNPATH_SEARCH_PATHS = (
					"$(inherited)",
					"@executable_path/Frameworks",
				);
				MARKETING_VERSION = 1.0;
				PRODUCT_BUNDLE_IDENTIFIER = "aleksandra.generowicz.PintQuest-TCA";
				PRODUCT_NAME = "$(TARGET_NAME)";
				SWIFT_EMIT_LOC_STRINGS = YES;
				SWIFT_VERSION = 5.0;
				TARGETED_DEVICE_FAMILY = "1,2";
			};
			name = Release;
		};
/* End XCBuildConfiguration section */

/* Begin XCConfigurationList section */
		7A46FBFA29FD18B300949BB3 /* Build configuration list for PBXProject "PintQuest-TCA" */ = {
			isa = XCConfigurationList;
			buildConfigurations = (
				7A46FC0B29FD18B400949BB3 /* Debug */,
				7A46FC0C29FD18B400949BB3 /* Release */,
			);
			defaultConfigurationIsVisible = 0;
			defaultConfigurationName = Release;
		};
		7A46FC0D29FD18B400949BB3 /* Build configuration list for PBXNativeTarget "PintQuest-TCA" */ = {
			isa = XCConfigurationList;
			buildConfigurations = (
				7A46FC0E29FD18B400949BB3 /* Debug */,
				7A46FC0F29FD18B400949BB3 /* Release */,
			);
			defaultConfigurationIsVisible = 0;
			defaultConfigurationName = Release;
		};
/* End XCConfigurationList section */

/* Begin XCRemoteSwiftPackageReference section */
		7A46FC1029FD1BC500949BB3 /* XCRemoteSwiftPackageReference "swift-composable-architecture" */ = {
			isa = XCRemoteSwiftPackageReference;
			repositoryURL = "https://github.com/pointfreeco/swift-composable-architecture";
			requirement = {
				kind = upToNextMajorVersion;
				minimumVersion = 0.9.0;
			};
		};
		7A46FC1929FD1E8000949BB3 /* XCRemoteSwiftPackageReference "swiftui-cached-async-image" */ = {
			isa = XCRemoteSwiftPackageReference;
			repositoryURL = "https://github.com/lorenzofiamingo/swiftui-cached-async-image.git";
			requirement = {
				kind = upToNextMajorVersion;
				minimumVersion = 2.0.0;
			};
		};
/* End XCRemoteSwiftPackageReference section */

/* Begin XCSwiftPackageProductDependency section */
		7A46FC1129FD1BC500949BB3 /* ComposableArchitecture */ = {
			isa = XCSwiftPackageProductDependency;
			package = 7A46FC1029FD1BC500949BB3 /* XCRemoteSwiftPackageReference "swift-composable-architecture" */;
			productName = ComposableArchitecture;
		};
		7A46FC1A29FD1E8100949BB3 /* CachedAsyncImage */ = {
			isa = XCSwiftPackageProductDependency;
			package = 7A46FC1929FD1E8000949BB3 /* XCRemoteSwiftPackageReference "swiftui-cached-async-image" */;
			productName = CachedAsyncImage;
		};
/* End XCSwiftPackageProductDependency section */
	};
	rootObject = 7A46FBF729FD18B300949BB3 /* Project object */;
}
